Microsoft Visual Studio Solution File, Format Version 12.00
# Visual Studio Version 17
VisualStudioVersion = 17.5.2.0
MinimumVisualStudioVersion = 10.0.40219.1
Project("{FAE04EC0-301F-11D3-BF4B-00C04F79EFBC}") = "KeyVaultDemo8", "KeyVaultDemo8.csproj", "{76BEBD10-2DE8-C0BE-72E5-48C7679E503F}"
EndProject
Global
	GlobalSection(SolutionConfigurationPlatforms) = preSolution
		Debug|Any CPU = Debug|Any CPU
		Release|Any CPU = Release|Any CPU
	EndGlobalSection
	GlobalSection(ProjectConfigurationPlatforms) = postSolution
		{76BEBD10-2DE8-C0BE-72E5-48C7679E503F}.Debug|Any CPU.ActiveCfg = Debug|Any CPU
		{76BEBD10-2DE8-C0BE-72E5-48C7679E503F}.Debug|Any CPU.Build.0 = Debug|Any CPU
		{76BEBD10-2DE8-C0BE-72E5-48C7679E503F}.Release|Any CPU.ActiveCfg = Release|Any CPU
		{76BEBD10-2DE8-C0BE-72E5-48C7679E503F}.Release|Any CPU.Build.0 = Release|Any CPU
	EndGlobalSection
	GlobalSection(SolutionProperties) = preSolution
		HideSolutionNode = FALSE
	EndGlobalSection
	GlobalSection(ExtensibilityGlobals) = postSolution
		SolutionGuid = {65A0564D-8768-4595-8234-F4E45955C333}
	EndGlobalSection
EndGlobal
